
Microsoft Visual Studio Solution File, Format Version 12.00
# Visual Studio 14
VisualStudioVersion = 14.0.25420.1
MinimumVisualStudioVersion = 10.0.40219.1
Project("{FAE04EC0-301F-11D3-BF4B-00C04F79EFBC}") = "TestPullToRefresh.Droid", "TestPullToRefresh\TestPullToRefresh.Droid\TestPullToRefresh.Droid.csproj", "{DBB6AC01-14ED-477A-90A9-A98345139A51}"
EndProject
Project("{FAE04EC0-301F-11D3-BF4B-00C04F79EFBC}") = "TestPullToRefresh.iOS", "TestPullToRefresh\TestPullToRefresh.iOS\TestPullToRefresh.iOS.csproj", "{D3AC3545-9835-4A1A-87CF-DCED2CA46CF2}"
EndProject
Project("{FAE04EC0-301F-11D3-BF4B-00C04F79EFBC}") = "TestPullToRefresh.UWP", "TestPullToRefresh\TestPullToRefresh.UWP\TestPullToRefresh.UWP.csproj", "{987C3A93-637D-4801-B565-706E5CC03C4A}"
EndProject
Project("{FAE04EC0-301F-11D3-BF4B-00C04F79EFBC}") = "TestPullToRefresh", "TestPullToRefresh\TestPullToRefresh\TestPullToRefresh.csproj", "{664D2185-015C-47CB-BA69-E1CD2849231B}"
EndProject
Global
	GlobalSection(SolutionConfigurationPlatforms) = preSolution
		Ad-Hoc|Any CPU = Ad-Hoc|Any CPU
		Ad-Hoc|ARM = Ad-Hoc|ARM
		Ad-Hoc|iPhone = Ad-Hoc|iPhone
		Ad-Hoc|iPhoneSimulator = Ad-Hoc|iPhoneSimulator
		Ad-Hoc|x64 = Ad-Hoc|x64
		Ad-Hoc|x86 = Ad-Hoc|x86
		AppStore|Any CPU = AppStore|Any CPU
		AppStore|ARM = AppStore|ARM
		AppStore|iPhone = AppStore|iPhone
		AppStore|iPhoneSimulator = AppStore|iPhoneSimulator
		AppStore|x64 = AppStore|x64
		AppStore|x86 = AppStore|x86
		Debug|Any CPU = Debug|Any CPU
		Debug|ARM = Debug|ARM
		Debug|iPhone = Debug|iPhone
		Debug|iPhoneSimulator = Debug|iPhoneSimulator
		Debug|x64 = Debug|x64
		Debug|x86 = Debug|x86
		Release|Any CPU = Release|Any CPU
		Release|ARM = Release|ARM
		Release|iPhone = Release|iPhone
		Release|iPhoneSimulator = Release|iPhoneSimulator
		Release|x64 = Release|x64
		Release|x86 = Release|x86
	EndGlobalSection
	GlobalSection(ProjectConfigurationPlatforms) = postSolution
		{DBB6AC01-14ED-477A-90A9-A98345139A51}.Ad-Hoc|Any CPU.ActiveCfg = Release|Any CPU
		{DBB6AC01-14ED-477A-90A9-A98345139A51}.Ad-Hoc|Any CPU.Build.0 = Release|Any CPU
		{DBB6AC01-14ED-477A-90A9-A98345139A51}.Ad-Hoc|Any CPU.Deploy.0 = Release|Any CPU
		{DBB6AC01-14ED-477A-90A9-A98345139A51}.Ad-Hoc|ARM.ActiveCfg = Release|Any CPU
		{DBB6AC01-14ED-477A-90A9-A98345139A51}.Ad-Hoc|ARM.Build.0 = Release|Any CPU
		{DBB6AC01-14ED-477A-90A9-A98345139A51}.Ad-Hoc|ARM.Deploy.0 = Release|Any CPU
		{DBB6AC01-14ED-477A-90A9-A98345139A51}.Ad-Hoc|iPhone.ActiveCfg = Release|Any CPU
		{DBB6AC01-14ED-477A-90A9-A98345139A51}.Ad-Hoc|iPhone.Build.0 = Release|Any CPU
		{DBB6AC01-14ED-477A-90A9-A98345139A51}.Ad-Hoc|iPhone.Deploy.0 = Release|Any CPU
		{DBB6AC01-14ED-477A-90A9-A98345139A51}.Ad-Hoc|iPhoneSimulator.ActiveCfg = Release|Any CPU
		{DBB6AC01-14ED-477A-90A9-A98345139A51}.Ad-Hoc|iPhoneSimulator.Build.0 = Release|Any CPU
		{DBB6AC01-14ED-477A-90A9-A98345139A51}.Ad-Hoc|iPhoneSimulator.Deploy.0 = Release|Any CPU
		{DBB6AC01-14ED-477A-90A9-A98345139A51}.Ad-Hoc|x64.ActiveCfg = Release|Any CPU
		{DBB6AC01-14ED-477A-90A9-A98345139A51}.Ad-Hoc|x64.Build.0 = Release|Any CPU
		{DBB6AC01-14ED-477A-90A9-A98345139A51}.Ad-Hoc|x64.Deploy.0 = Release|Any CPU
		{DBB6AC01-14ED-477A-90A9-A98345139A51}.Ad-Hoc|x86.ActiveCfg = Release|Any CPU
		{DBB6AC01-14ED-477A-90A9-A98345139A51}.Ad-Hoc|x86.Build.0 = Release|Any CPU
		{DBB6AC01-14ED-477A-90A9-A98345139A51}.Ad-Hoc|x86.Deploy.0 = Release|Any CPU
		{DBB6AC01-14ED-477A-90A9-A98345139A51}.AppStore|Any CPU.ActiveCfg = Release|Any CPU
		{DBB6AC01-14ED-477A-90A9-A98345139A51}.AppStore|Any CPU.Build.0 = Release|Any CPU
		{DBB6AC01-14ED-477A-90A9-A98345139A51}.AppStore|Any CPU.Deploy.0 = Release|Any CPU
		{DBB6AC01-14ED-477A-90A9-A98345139A51}.AppStore|ARM.ActiveCfg = Release|Any CPU
		{DBB6AC01-14ED-477A-90A9-A98345139A51}.AppStore|ARM.Build.0 = Release|Any CPU
		{DBB6AC01-14ED-477A-90A9-A98345139A51}.AppStore|ARM.Deploy.0 = Release|Any CPU
		{DBB6AC01-14ED-477A-90A9-A98345139A51}.AppStore|iPhone.ActiveCfg = Release|Any CPU
		{DBB6AC01-14ED-477A-90A9-A98345139A51}.AppStore|iPhone.Build.0 = Release|Any CPU
		{DBB6AC01-14ED-477A-90A9-A98345139A51}.AppStore|iPhone.Deploy.0 = Release|Any CPU
		{DBB6AC01-14ED-477A-90A9-A98345139A51}.AppStore|iPhoneSimulator.ActiveCfg = Release|Any CPU
		{DBB6AC01-14ED-477A-90A9-A98345139A51}.AppStore|iPhoneSimulator.Build.0 = Release|Any CPU
		{DBB6AC01-14ED-477A-90A9-A98345139A51}.AppStore|iPhoneSimulator.Deploy.0 = Release|Any CPU
		{DBB6AC01-14ED-477A-90A9-A98345139A51}.AppStore|x64.ActiveCfg = Release|Any CPU
		{DBB6AC01-14ED-477A-90A9-A98345139A51}.AppStore|x64.Build.0 = Release|Any CPU
		{DBB6AC01-14ED-477A-90A9-A98345139A51}.AppStore|x64.Deploy.0 = Release|Any CPU
		{DBB6AC01-14ED-477A-90A9-A98345139A51}.AppStore|x86.ActiveCfg = Release|Any CPU
		{DBB6AC01-14ED-477A-90A9-A98345139A51}.AppStore|x86.Build.0 = Release|Any CPU
		{DBB6AC01-14ED-477A-90A9-A98345139A51}.AppStore|x86.Deploy.0 = Release|Any CPU
		{DBB6AC01-14ED-477A-90A9-A98345139A51}.Debug|Any CPU.ActiveCfg = Debug|Any CPU
		{DBB6AC01-14ED-477A-90A9-A98345139A51}.Debug|Any CPU.Build.0 = Debug|Any CPU
		{DBB6AC01-14ED-477A-90A9-A98345139A51}.Debug|Any CPU.Deploy.0 = Debug|Any CPU
		{DBB6AC01-14ED-477A-90A9-A98345139A51}.Debug|ARM.ActiveCfg = Debug|Any CPU
		{DBB6AC01-14ED-477A-90A9-A98345139A51}.Debug|ARM.Build.0 = Debug|Any CPU
		{DBB6AC01-14ED-477A-90A9-A98345139A51}.Debug|ARM.Deploy.0 = Debug|Any CPU
		{DBB6AC01-14ED-477A-90A9-A98345139A51}.Debug|iPhone.ActiveCfg = Debug|Any CPU
		{DBB6AC01-14ED-477A-90A9-A98345139A51}.Debug|iPhone.Build.0 = Debug|Any CPU
		{DBB6AC01-14ED-477A-90A9-A98345139A51}.Debug|iPhone.Deploy.0 = Debug|Any CPU
		{DBB6AC01-14ED-477A-90A9-A98345139A51}.Debug|iPhoneSimulator.ActiveCfg = Debug|Any CPU
		{DBB6AC01-14ED-477A-90A9-A98345139A51}.Debug|iPhoneSimulator.Build.0 = Debug|Any CPU
		{DBB6AC01-14ED-477A-90A9-A98345139A51}.Debug|iPhoneSimulator.Deploy.0 = Debug|Any CPU
		{DBB6AC01-14ED-477A-90A9-A98345139A51}.Debug|x64.ActiveCfg = Debug|Any CPU
		{DBB6AC01-14ED-477A-90A9-A98345139A51}.Debug|x64.Build.0 = Debug|Any CPU
		{DBB6AC01-14ED-477A-90A9-A98345139A51}.Debug|x64.Deploy.0 = Debug|Any CPU
		{DBB6AC01-14ED-477A-90A9-A98345139A51}.Debug|x86.ActiveCfg = Debug|Any CPU
		{DBB6AC01-14ED-477A-90A9-A98345139A51}.Debug|x86.Build.0 = Debug|Any CPU
		{DBB6AC01-14ED-477A-90A9-A98345139A51}.Debug|x86.Deploy.0 = Debug|Any CPU
		{DBB6AC01-14ED-477A-90A9-A98345139A51}.Release|Any CPU.ActiveCfg = Release|Any CPU
		{DBB6AC01-14ED-477A-90A9-A98345139A51}.Release|Any CPU.Build.0 = Release|Any CPU
		{DBB6AC01-14ED-477A-90A9-A98345139A51}.Release|Any CPU.Deploy.0 = Release|Any CPU
		{DBB6AC01-14ED-477A-90A9-A98345139A51}.Release|ARM.ActiveCfg = Release|Any CPU
		{DBB6AC01-14ED-477A-90A9-A98345139A51}.Release|ARM.Build.0 = Release|Any CPU
		{DBB6AC01-14ED-477A-90A9-A98345139A51}.Release|ARM.Deploy.0 = Release|Any CPU
		{DBB6AC01-14ED-477A-90A9-A98345139A51}.Release|iPhone.ActiveCfg = Release|Any CPU
		{DBB6AC01-14ED-477A-90A9-A98345139A51}.Release|iPhone.Build.0 = Release|Any CPU
		{DBB6AC01-14ED-477A-90A9-A98345139A51}.Release|iPhone.Deploy.0 = Release|Any CPU
		{DBB6AC01-14ED-477A-90A9-A98345139A51}.Release|iPhoneSimulator.ActiveCfg = Release|Any CPU
		{DBB6AC01-14ED-477A-90A9-A98345139A51}.Release|iPhoneSimulator.Build.0 = Release|Any CPU
		{DBB6AC01-14ED-477A-90A9-A98345139A51}.Release|iPhoneSimulator.Deploy.0 = Release|Any CPU
		{DBB6AC01-14ED-477A-90A9-A98345139A51}.Release|x64.ActiveCfg = Release|Any CPU
		{DBB6AC01-14ED-477A-90A9-A98345139A51}.Release|x64.Build.0 = Release|Any CPU
		{DBB6AC01-14ED-477A-90A9-A98345139A51}.Release|x64.Deploy.0 = Release|Any CPU
		{DBB6AC01-14ED-477A-90A9-A98345139A51}.Release|x86.ActiveCfg = Release|Any CPU
		{DBB6AC01-14ED-477A-90A9-A98345139A51}.Release|x86.Build.0 = Release|Any CPU
		{DBB6AC01-14ED-477A-90A9-A98345139A51}.Release|x86.Deploy.0 = Release|Any CPU
		{D3AC3545-9835-4A1A-87CF-DCED2CA46CF2}.Ad-Hoc|Any CPU.ActiveCfg = Ad-Hoc|iPhone
		{D3AC3545-9835-4A1A-87CF-DCED2CA46CF2}.Ad-Hoc|ARM.ActiveCfg = Ad-Hoc|iPhone
		{D3AC3545-9835-4A1A-87CF-DCED2CA46CF2}.Ad-Hoc|iPhone.ActiveCfg = Ad-Hoc|iPhone
		{D3AC3545-9835-4A1A-87CF-DCED2CA46CF2}.Ad-Hoc|iPhone.Build.0 = Ad-Hoc|iPhone
		{D3AC3545-9835-4A1A-87CF-DCED2CA46CF2}.Ad-Hoc|iPhoneSimulator.ActiveCfg = Ad-Hoc|iPhoneSimulator
		{D3AC3545-9835-4A1A-87CF-DCED2CA46CF2}.Ad-Hoc|iPhoneSimulator.Build.0 = Ad-Hoc|iPhoneSimulator
		{D3AC3545-9835-4A1A-87CF-DCED2CA46CF2}.Ad-Hoc|x64.ActiveCfg = Ad-Hoc|iPhone
		{D3AC3545-9835-4A1A-87CF-DCED2CA46CF2}.Ad-Hoc|x86.ActiveCfg = Ad-Hoc|iPhone
		{D3AC3545-9835-4A1A-87CF-DCED2CA46CF2}.AppStore|Any CPU.ActiveCfg = AppStore|iPhone
		{D3AC3545-9835-4A1A-87CF-DCED2CA46CF2}.AppStore|ARM.ActiveCfg = AppStore|iPhone
		{D3AC3545-9835-4A1A-87CF-DCED2CA46CF2}.AppStore|iPhone.ActiveCfg = AppStore|iPhone
		{D3AC3545-9835-4A1A-87CF-DCED2CA46CF2}.AppStore|iPhone.Build.0 = AppStore|iPhone
		{D3AC3545-9835-4A1A-87CF-DCED2CA46CF2}.AppStore|iPhoneSimulator.ActiveCfg = AppStore|iPhoneSimulator
		{D3AC3545-9835-4A1A-87CF-DCED2CA46CF2}.AppStore|iPhoneSimulator.Build.0 = AppStore|iPhoneSimulator
		{D3AC3545-9835-4A1A-87CF-DCED2CA46CF2}.AppStore|x64.ActiveCfg = AppStore|iPhone
		{D3AC3545-9835-4A1A-87CF-DCED2CA46CF2}.AppStore|x86.ActiveCfg = AppStore|iPhone
		{D3AC3545-9835-4A1A-87CF-DCED2CA46CF2}.Debug|Any CPU.ActiveCfg = Debug|iPhoneSimulator
		{D3AC3545-9835-4A1A-87CF-DCED2CA46CF2}.Debug|Any CPU.Build.0 = Debug|iPhoneSimulator
		{D3AC3545-9835-4A1A-87CF-DCED2CA46CF2}.Debug|ARM.ActiveCfg = Debug|iPhone
		{D3AC3545-9835-4A1A-87CF-DCED2CA46CF2}.Debug|iPhone.ActiveCfg = Debug|iPhone
		{D3AC3545-9835-4A1A-87CF-DCED2CA46CF2}.Debug|iPhone.Build.0 = Debug|iPhone
		{D3AC3545-9835-4A1A-87CF-DCED2CA46CF2}.Debug|iPhoneSimulator.ActiveCfg = Debug|iPhoneSimulator
		{D3AC3545-9835-4A1A-87CF-DCED2CA46CF2}.Debug|iPhoneSimulator.Build.0 = Debug|iPhoneSimulator
		{D3AC3545-9835-4A1A-87CF-DCED2CA46CF2}.Debug|x64.ActiveCfg = Debug|iPhone
		{D3AC3545-9835-4A1A-87CF-DCED2CA46CF2}.Debug|x86.ActiveCfg = Debug|iPhone
		{D3AC3545-9835-4A1A-87CF-DCED2CA46CF2}.Release|Any CPU.ActiveCfg = Release|iPhone
		{D3AC3545-9835-4A1A-87CF-DCED2CA46CF2}.Release|ARM.ActiveCfg = Release|iPhone
		{D3AC3545-9835-4A1A-87CF-DCED2CA46CF2}.Release|iPhone.ActiveCfg = Release|iPhone
		{D3AC3545-9835-4A1A-87CF-DCED2CA46CF2}.Release|iPhone.Build.0 = Release|iPhone
		{D3AC3545-9835-4A1A-87CF-DCED2CA46CF2}.Release|iPhoneSimulator.ActiveCfg = Release|iPhoneSimulator
		{D3AC3545-9835-4A1A-87CF-DCED2CA46CF2}.Release|iPhoneSimulator.Build.0 = Release|iPhoneSimulator
		{D3AC3545-9835-4A1A-87CF-DCED2CA46CF2}.Release|x64.ActiveCfg = Release|iPhone
		{D3AC3545-9835-4A1A-87CF-DCED2CA46CF2}.Release|x86.ActiveCfg = Release|iPhone
		{987C3A93-637D-4801-B565-706E5CC03C4A}.Ad-Hoc|Any CPU.ActiveCfg = Release|x86
		{987C3A93-637D-4801-B565-706E5CC03C4A}.Ad-Hoc|Any CPU.Build.0 = Release|x86
		{987C3A93-637D-4801-B565-706E5CC03C4A}.Ad-Hoc|Any CPU.Deploy.0 = Release|x86
		{987C3A93-637D-4801-B565-706E5CC03C4A}.Ad-Hoc|ARM.ActiveCfg = Release|ARM
		{987C3A93-637D-4801-B565-706E5CC03C4A}.Ad-Hoc|ARM.Build.0 = Release|ARM
		{987C3A93-637D-4801-B565-706E5CC03C4A}.Ad-Hoc|ARM.Deploy.0 = Release|ARM
		{987C3A93-637D-4801-B565-706E5CC03C4A}.Ad-Hoc|iPhone.ActiveCfg = Release|x86
		{987C3A93-637D-4801-B565-706E5CC03C4A}.Ad-Hoc|iPhone.Build.0 = Release|x86
		{987C3A93-637D-4801-B565-706E5CC03C4A}.Ad-Hoc|iPhone.Deploy.0 = Release|x86
		{987C3A93-637D-4801-B565-706E5CC03C4A}.Ad-Hoc|iPhoneSimulator.ActiveCfg = Release|x86
		{987C3A93-637D-4801-B565-706E5CC03C4A}.Ad-Hoc|iPhoneSimulator.Build.0 = Release|x86
		{987C3A93-637D-4801-B565-706E5CC03C4A}.Ad-Hoc|iPhoneSimulator.Deploy.0 = Release|x86
		{987C3A93-637D-4801-B565-706E5CC03C4A}.Ad-Hoc|x64.ActiveCfg = Release|x64
		{987C3A93-637D-4801-B565-706E5CC03C4A}.Ad-Hoc|x64.Build.0 = Release|x64
		{987C3A93-637D-4801-B565-706E5CC03C4A}.Ad-Hoc|x64.Deploy.0 = Release|x64
		{987C3A93-637D-4801-B565-706E5CC03C4A}.Ad-Hoc|x86.ActiveCfg = Release|x86
		{987C3A93-637D-4801-B565-706E5CC03C4A}.Ad-Hoc|x86.Build.0 = Release|x86
		{987C3A93-637D-4801-B565-706E5CC03C4A}.Ad-Hoc|x86.Deploy.0 = Release|x86
		{987C3A93-637D-4801-B565-706E5CC03C4A}.AppStore|Any CPU.ActiveCfg = Release|x86
		{987C3A93-637D-4801-B565-706E5CC03C4A}.AppStore|Any CPU.Build.0 = Release|x86
		{987C3A93-637D-4801-B565-706E5CC03C4A}.AppStore|Any CPU.Deploy.0 = Release|x86
		{987C3A93-637D-4801-B565-706E5CC03C4A}.AppStore|ARM.ActiveCfg = Release|ARM
		{987C3A93-637D-4801-B565-706E5CC03C4A}.AppStore|ARM.Build.0 = Release|ARM
		{987C3A93-637D-4801-B565-706E5CC03C4A}.AppStore|ARM.Deploy.0 = Release|ARM
		{987C3A93-637D-4801-B565-706E5CC03C4A}.AppStore|iPhone.ActiveCfg = Release|x86
		{987C3A93-637D-4801-B565-706E5CC03C4A}.AppStore|iPhone.Build.0 = Release|x86
		{987C3A93-637D-4801-B565-706E5CC03C4A}.AppStore|iPhone.Deploy.0 = Release|x86
		{987C3A93-637D-4801-B565-706E5CC03C4A}.AppStore|iPhoneSimulator.ActiveCfg = Release|x86
		{987C3A93-637D-4801-B565-706E5CC03C4A}.AppStore|iPhoneSimulator.Build.0 = Release|x86
		{987C3A93-637D-4801-B565-706E5CC03C4A}.AppStore|iPhoneSimulator.Deploy.0 = Release|x86
		{987C3A93-637D-4801-B565-706E5CC03C4A}.AppStore|x64.ActiveCfg = Release|x64
		{987C3A93-637D-4801-B565-706E5CC03C4A}.AppStore|x64.Build.0 = Release|x64
		{987C3A93-637D-4801-B565-706E5CC03C4A}.AppStore|x64.Deploy.0 = Release|x64
		{987C3A93-637D-4801-B565-706E5CC03C4A}.AppStore|x86.ActiveCfg = Release|x86
		{987C3A93-637D-4801-B565-706E5CC03C4A}.AppStore|x86.Build.0 = Release|x86
		{987C3A93-637D-4801-B565-706E5CC03C4A}.AppStore|x86.Deploy.0 = Release|x86
		{987C3A93-637D-4801-B565-706E5CC03C4A}.Debug|Any CPU.ActiveCfg = Debug|x86
		{987C3A93-637D-4801-B565-706E5CC03C4A}.Debug|Any CPU.Build.0 = Debug|x86
		{987C3A93-637D-4801-B565-706E5CC03C4A}.Debug|Any CPU.Deploy.0 = Debug|x86
		{987C3A93-637D-4801-B565-706E5CC03C4A}.Debug|ARM.ActiveCfg = Debug|ARM
		{987C3A93-637D-4801-B565-706E5CC03C4A}.Debug|ARM.Build.0 = Debug|ARM
		{987C3A93-637D-4801-B565-706E5CC03C4A}.Debug|ARM.Deploy.0 = Debug|ARM
		{987C3A93-637D-4801-B565-706E5CC03C4A}.Debug|iPhone.ActiveCfg = Debug|x86
		{987C3A93-637D-4801-B565-706E5CC03C4A}.Debug|iPhone.Build.0 = Debug|x86
		{987C3A93-637D-4801-B565-706E5CC03C4A}.Debug|iPhone.Deploy.0 = Debug|x86
		{987C3A93-637D-4801-B565-706E5CC03C4A}.Debug|iPhoneSimulator.ActiveCfg = Debug|x86
		{987C3A93-637D-4801-B565-706E5CC03C4A}.Debug|iPhoneSimulator.Build.0 = Debug|x86
		{987C3A93-637D-4801-B565-706E5CC03C4A}.Debug|iPhoneSimulator.Deploy.0 = Debug|x86
		{987C3A93-637D-4801-B565-706E5CC03C4A}.Debug|x64.ActiveCfg = Debug|x64
		{987C3A93-637D-4801-B565-706E5CC03C4A}.Debug|x64.Build.0 = Debug|x64
		{987C3A93-637D-4801-B565-706E5CC03C4A}.Debug|x64.Deploy.0 = Debug|x64
		{987C3A93-637D-4801-B565-706E5CC03C4A}.Debug|x86.ActiveCfg = Debug|x86
		{987C3A93-637D-4801-B565-706E5CC03C4A}.Debug|x86.Build.0 = Debug|x86
		{987C3A93-637D-4801-B565-706E5CC03C4A}.Debug|x86.Deploy.0 = Debug|x86
		{987C3A93-637D-4801-B565-706E5CC03C4A}.Release|Any CPU.ActiveCfg = Release|x86
		{987C3A93-637D-4801-B565-706E5CC03C4A}.Release|ARM.ActiveCfg = Release|ARM
		{987C3A93-637D-4801-B565-706E5CC03C4A}.Release|ARM.Build.0 = Release|ARM
		{987C3A93-637D-4801-B565-706E5CC03C4A}.Release|ARM.Deploy.0 = Release|ARM
		{987C3A93-637D-4801-B565-706E5CC03C4A}.Release|iPhone.ActiveCfg = Release|x86
		{987C3A93-637D-4801-B565-706E5CC03C4A}.Release|iPhoneSimulator.ActiveCfg = Release|x86
		{987C3A93-637D-4801-B565-706E5CC03C4A}.Release|x64.ActiveCfg = Release|x64
		{987C3A93-637D-4801-B565-706E5CC03C4A}.Release|x64.Build.0 = Release|x64
		{987C3A93-637D-4801-B565-706E5CC03C4A}.Release|x64.Deploy.0 = Release|x64
		{987C3A93-637D-4801-B565-706E5CC03C4A}.Release|x86.ActiveCfg = Release|x86
		{987C3A93-637D-4801-B565-706E5CC03C4A}.Release|x86.Build.0 = Release|x86
		{987C3A93-637D-4801-B565-706E5CC03C4A}.Release|x86.Deploy.0 = Release|x86
		{664D2185-015C-47CB-BA69-E1CD2849231B}.Ad-Hoc|Any CPU.ActiveCfg = Release|Any CPU
		{664D2185-015C-47CB-BA69-E1CD2849231B}.Ad-Hoc|Any CPU.Build.0 = Release|Any CPU
		{664D2185-015C-47CB-BA69-E1CD2849231B}.Ad-Hoc|ARM.ActiveCfg = Release|Any CPU
		{664D2185-015C-47CB-BA69-E1CD2849231B}.Ad-Hoc|ARM.Build.0 = Release|Any CPU
		{664D2185-015C-47CB-BA69-E1CD2849231B}.Ad-Hoc|iPhone.ActiveCfg = Release|Any CPU
		{664D2185-015C-47CB-BA69-E1CD2849231B}.Ad-Hoc|iPhone.Build.0 = Release|Any CPU
		{664D2185-015C-47CB-BA69-E1CD2849231B}.Ad-Hoc|iPhoneSimulator.ActiveCfg = Release|Any CPU
		{664D2185-015C-47CB-BA69-E1CD2849231B}.Ad-Hoc|iPhoneSimulator.Build.0 = Release|Any CPU
		{664D2185-015C-47CB-BA69-E1CD2849231B}.Ad-Hoc|x64.ActiveCfg = Release|Any CPU
		{664D2185-015C-47CB-BA69-E1CD2849231B}.Ad-Hoc|x64.Build.0 = Release|Any CPU
		{664D2185-015C-47CB-BA69-E1CD2849231B}.Ad-Hoc|x86.ActiveCfg = Release|Any CPU
		{664D2185-015C-47CB-BA69-E1CD2849231B}.Ad-Hoc|x86.Build.0 = Release|Any CPU
		{664D2185-015C-47CB-BA69-E1CD2849231B}.AppStore|Any CPU.ActiveCfg = Release|Any CPU
		{664D2185-015C-47CB-BA69-E1CD2849231B}.AppStore|Any CPU.Build.0 = Release|Any CPU
		{664D2185-015C-47CB-BA69-E1CD2849231B}.AppStore|ARM.ActiveCfg = Release|Any CPU
		{664D2185-015C-47CB-BA69-E1CD2849231B}.AppStore|ARM.Build.0 = Release|Any CPU
		{664D2185-015C-47CB-BA69-E1CD2849231B}.AppStore|iPhone.ActiveCfg = Release|Any CPU
		{664D2185-015C-47CB-BA69-E1CD2849231B}.AppStore|iPhone.Build.0 = Release|Any CPU
		{664D2185-015C-47CB-BA69-E1CD2849231B}.AppStore|iPhoneSimulator.ActiveCfg = Release|Any CPU
		{664D2185-015C-47CB-BA69-E1CD2849231B}.AppStore|iPhoneSimulator.Build.0 = Release|Any CPU
		{664D2185-015C-47CB-BA69-E1CD2849231B}.AppStore|x64.ActiveCfg = Release|Any CPU
		{664D2185-015C-47CB-BA69-E1CD2849231B}.AppStore|x64.Build.0 = Release|Any CPU
		{664D2185-015C-47CB-BA69-E1CD2849231B}.AppStore|x86.ActiveCfg = Release|Any CPU
		{664D2185-015C-47CB-BA69-E1CD2849231B}.AppStore|x86.Build.0 = Release|Any CPU
		{664D2185-015C-47CB-BA69-E1CD2849231B}.Debug|Any CPU.ActiveCfg = Debug|Any CPU
		{664D2185-015C-47CB-BA69-E1CD2849231B}.Debug|Any CPU.Build.0 = Debug|Any CPU
		{664D2185-015C-47CB-BA69-E1CD2849231B}.Debug|ARM.ActiveCfg = Debug|Any CPU
		{664D2185-015C-47CB-BA69-E1CD2849231B}.Debug|ARM.Build.0 = Debug|Any CPU
		{664D2185-015C-47CB-BA69-E1CD2849231B}.Debug|iPhone.ActiveCfg = Debug|Any CPU
		{664D2185-015C-47CB-BA69-E1CD2849231B}.Debug|iPhone.Build.0 = Debug|Any CPU
		{664D2185-015C-47CB-BA69-E1CD2849231B}.Debug|iPhoneSimulator.ActiveCfg = Debug|Any CPU
		{664D2185-015C-47CB-BA69-E1CD2849231B}.Debug|iPhoneSimulator.Build.0 = Debug|Any CPU
		{664D2185-015C-47CB-BA69-E1CD2849231B}.Debug|x64.ActiveCfg = Debug|Any CPU
		{664D2185-015C-47CB-BA69-E1CD2849231B}.Debug|x64.Build.0 = Debug|Any CPU
		{664D2185-015C-47CB-BA69-E1CD2849231B}.Debug|x86.ActiveCfg = Debug|Any CPU
		{664D2185-015C-47CB-BA69-E1CD2849231B}.Debug|x86.Build.0 = Debug|Any CPU
		{664D2185-015C-47CB-BA69-E1CD2849231B}.Release|Any CPU.ActiveCfg = Release|Any CPU
		{664D2185-015C-47CB-BA69-E1CD2849231B}.Release|Any CPU.Build.0 = Release|Any CPU
		{664D2185-015C-47CB-BA69-E1CD2849231B}.Release|ARM.ActiveCfg = Release|Any CPU
		{664D2185-015C-47CB-BA69-E1CD2849231B}.Release|ARM.Build.0 = Release|Any CPU
		{664D2185-015C-47CB-BA69-E1CD2849231B}.Release|iPhone.ActiveCfg = Release|Any CPU
		{664D2185-015C-47CB-BA69-E1CD2849231B}.Release|iPhone.Build.0 = Release|Any CPU
		{664D2185-015C-47CB-BA69-E1CD2849231B}.Release|iPhoneSimulator.ActiveCfg = Release|Any CPU
		{664D2185-015C-47CB-BA69-E1CD2849231B}.Release|iPhoneSimulator.Build.0 = Release|Any CPU
		{664D2185-015C-47CB-BA69-E1CD2849231B}.Release|x64.ActiveCfg = Release|Any CPU
		{664D2185-015C-47CB-BA69-E1CD2849231B}.Release|x64.Build.0 = Release|Any CPU
		{664D2185-015C-47CB-BA69-E1CD2849231B}.Release|x86.ActiveCfg = Release|Any CPU
		{664D2185-015C-47CB-BA69-E1CD2849231B}.Release|x86.Build.0 = Release|Any CPU
	EndGlobalSection
	GlobalSection(SolutionProperties) = preSolution
		HideSolutionNode = FALSE
	EndGlobalSection
EndGlobal
